// !$*UTF8*$!
{
	archiveVersion = 1;
	classes = {
	};
	objectVersion = 56;
	objects = {

/* Begin PBXBuildFile section */
		F15E1E112BED521F0054A31D /* AppDelegate.swift in Sources */ = {isa = PBXBuildFile; fileRef = F15E1E102BED521F0054A31D /* AppDelegate.swift */; };
		F15E1E132BED521F0054A31D /* SceneDelegate.swift in Sources */ = {isa = PBXBuildFile; fileRef = F15E1E122BED521F0054A31D /* SceneDelegate.swift */; };
		F15E1E152BED521F0054A31D /* ViewController.swift in Sources */ = {isa = PBXBuildFile; fileRef = F15E1E142BED521F0054A31D /* ViewController.swift */; };
		F15E1E182BED521F0054A31D /* Main.storyboard in Resources */ = {isa = PBXBuildFile; fileRef = F15E1E162BED521F0054A31D /* Main.storyboard */; };
		F15E1E1A2BED52210054A31D /* Assets.xcassets in Resources */ = {isa = PBXBuildFile; fileRef = F15E1E192BED52210054A31D /* Assets.xcassets */; };
		F15E1E1D2BED52210054A31D /* LaunchScreen.storyboard in Resources */ = {isa = PBXBuildFile; fileRef = F15E1E1B2BED52210054A31D /* LaunchScreen.storyboard */; };
		F15E1E262BED526E0054A31D /* CacheManager.swift in Sources */ = {isa = PBXBuildFile; fileRef = F15E1E252BED526E0054A31D /* CacheManager.swift */; };
		F15E1E2B2BED59350054A31D /* ImagesCollectionCell.swift in Sources */ = {isa = PBXBuildFile; fileRef = F15E1E292BED59350054A31D /* ImagesCollectionCell.swift */; };
		F15E1E2C2BED59350054A31D /* ImagesCollectionCell.xib in Resources */ = {isa = PBXBuildFile; fileRef = F15E1E2A2BED59350054A31D /* ImagesCollectionCell.xib */; };
		F15E1E2E2BED5D350054A31D /* APIService.swift in Sources */ = {isa = PBXBuildFile; fileRef = F15E1E2D2BED5D350054A31D /* APIService.swift */; };
		F15E1E312BED60130054A31D /* ImageListModel.swift in Sources */ = {isa = PBXBuildFile; fileRef = F15E1E302BED60130054A31D /* ImageListModel.swift */; };
/* End PBXBuildFile section */

/* Begin PBXFileReference section */
		F153CCE92BF62026008FB7B5 /* README.md */ = {isa = PBXFileReference; lastKnownFileType = net.daringfireball.markdown; path = README.md; sourceTree = "<group>"; };
		F15E1E0D2BED521F0054A31D /* PrashantAdvaitAssignment.app */ = {isa = PBXFileReference; explicitFileType = wrapper.application; includeInIndex = 0; path = PrashantAdvaitAssignment.app; sourceTree = BUILT_PRODUCTS_DIR; };
		F15E1E102BED521F0054A31D /* AppDelegate.swift */ = {isa = PBXFileReference; lastKnownFileType = sourcecode.swift; path = AppDelegate.swift; sourceTree = "<group>"; };
		F15E1E122BED521F0054A31D /* SceneDelegate.swift */ = {isa = PBXFileReference; lastKnownFileType = sourcecode.swift; path = SceneDelegate.swift; sourceTree = "<group>"; };
		F15E1E142BED521F0054A31D /* ViewController.swift */ = {isa = PBXFileReference; lastKnownFileType = sourcecode.swift; path = ViewController.swift; sourceTree = "<group>"; };
		F15E1E172BED521F0054A31D /* Base */ = {isa = PBXFileReference; lastKnownFileType = file.storyboard; name = Base; path = Base.lproj/Main.storyboard; sourceTree = "<group>"; };
		F15E1E192BED52210054A31D /* Assets.xcassets */ = {isa = PBXFileReference; lastKnownFileType = folder.assetcatalog; path = Assets.xcassets; sourceTree = "<group>"; };
		F15E1E1C2BED52210054A31D /* Base */ = {isa = PBXFileReference; lastKnownFileType = file.storyboard; name = Base; path = Base.lproj/LaunchScreen.storyboard; sourceTree = "<group>"; };
		F15E1E1E2BED52210054A31D /* Info.plist */ = {isa = PBXFileReference; lastKnownFileType = text.plist.xml; path = Info.plist; sourceTree = "<group>"; };
		F15E1E252BED526E0054A31D /* CacheManager.swift */ = {isa = PBXFileReference; lastKnownFileType = sourcecode.swift; path = CacheManager.swift; sourceTree = "<group>"; };
		F15E1E292BED59350054A31D /* ImagesCollectionCell.swift */ = {isa = PBXFileReference; lastKnownFileType = sourcecode.swift; path = ImagesCollectionCell.swift; sourceTree = "<group>"; };
		F15E1E2A2BED59350054A31D /* ImagesCollectionCell.xib */ = {isa = PBXFileReference; lastKnownFileType = file.xib; path = ImagesCollectionCell.xib; sourceTree = "<group>"; };
		F15E1E2D2BED5D350054A31D /* APIService.swift */ = {isa = PBXFileReference; lastKnownFileType = sourcecode.swift; path = APIService.swift; sourceTree = "<group>"; };
		F15E1E302BED60130054A31D /* ImageListModel.swift */ = {isa = PBXFileReference; lastKnownFileType = sourcecode.swift; path = ImageListModel.swift; sourceTree = "<group>"; };
/* End PBXFileReference section */

/* Begin PBXFrameworksBuildPhase section */
		F15E1E0A2BED521F0054A31D /* Frameworks */ = {
			isa = PBXFrameworksBuildPhase;
			buildActionMask = 2147483647;
			files = (
			);
			runOnlyForDeploymentPostprocessing = 0;
		};
/* End PBXFrameworksBuildPhase section */

/* Begin PBXGroup section */
		F153CCE12BF61ACA008FB7B5 /* AppGlobals */ = {
			isa = PBXGroup;
			children = (
				F15E1E102BED521F0054A31D /* AppDelegate.swift */,
				F15E1E122BED521F0054A31D /* SceneDelegate.swift */,
			);
			path = AppGlobals;
			sourceTree = "<group>";
		};
		F153CCE32BF61B28008FB7B5 /* CollectionCell */ = {
			isa = PBXGroup;
			children = (
				F15E1E292BED59350054A31D /* ImagesCollectionCell.swift */,
				F15E1E2A2BED59350054A31D /* ImagesCollectionCell.xib */,
			);
			path = CollectionCell;
			sourceTree = "<group>";
		};
		F153CCE42BF61B6E008FB7B5 /* Storyboards */ = {
			isa = PBXGroup;
			children = (
				F15E1E162BED521F0054A31D /* Main.storyboard */,
				F15E1E1B2BED52210054A31D /* LaunchScreen.storyboard */,
			);
			path = Storyboards;
			sourceTree = "<group>";
		};
		F153CCE52BF61B92008FB7B5 /* SupportingFiles */ = {
			isa = PBXGroup;
			children = (
				F153CCE42BF61B6E008FB7B5 /* Storyboards */,
				F15E1E192BED52210054A31D /* Assets.xcassets */,
				F15E1E1E2BED52210054A31D /* Info.plist */,
			);
			path = SupportingFiles;
			sourceTree = "<group>";
		};
		F153CCE62BF61BC4008FB7B5 /* Workspace */ = {
			isa = PBXGroup;
			children = (
				F15E1E2F2BED5FF70054A31D /* Model */,
				F153CCE82BF61C06008FB7B5 /* Controller */,
				F153CCE32BF61B28008FB7B5 /* CollectionCell */,
			);
			path = Workspace;
			sourceTree = "<group>";
		};
		F153CCE82BF61C06008FB7B5 /* Controller */ = {
			isa = PBXGroup;
			children = (
				F15E1E142BED521F0054A31D /* ViewController.swift */,
			);
			path = Controller;
			sourceTree = "<group>";
		};
		F15E1E042BED521F0054A31D = {
			isa = PBXGroup;
			children = (
				F15E1E0F2BED521F0054A31D /* PrashantAdvaitAssignment */,
				F15E1E0E2BED521F0054A31D /* Products */,
			);
			sourceTree = "<group>";
		};
		F15E1E0E2BED521F0054A31D /* Products */ = {
			isa = PBXGroup;
			children = (
				F15E1E0D2BED521F0054A31D /* PrashantAdvaitAssignment.app */,
			);
			name = Products;
			sourceTree = "<group>";
		};
		F15E1E0F2BED521F0054A31D /* PrashantAdvaitAssignment */ = {
			isa = PBXGroup;
			children = (
				F15E1E242BED523B0054A31D /* Utils */,
				F153CCE12BF61ACA008FB7B5 /* AppGlobals */,
				F153CCE62BF61BC4008FB7B5 /* Workspace */,
				F153CCE52BF61B92008FB7B5 /* SupportingFiles */,
				F153CCE92BF62026008FB7B5 /* README.md */,
			);
			path = PrashantAdvaitAssignment;
			sourceTree = "<group>";
		};
		F15E1E242BED523B0054A31D /* Utils */ = {
			isa = PBXGroup;
			children = (
				F15E1E252BED526E0054A31D /* CacheManager.swift */,
				F15E1E2D2BED5D350054A31D /* APIService.swift */,
			);
			path = Utils;
			sourceTree = "<group>";
		};
		F15E1E2F2BED5FF70054A31D /* Model */ = {
			isa = PBXGroup;
			children = (
				F15E1E302BED60130054A31D /* ImageListModel.swift */,
			);
			path = Model;
			sourceTree = "<group>";
		};
/* End PBXGroup section */

/* Begin PBXNativeTarget section */
		F15E1E0C2BED521F0054A31D /* PrashantAdvaitAssignment */ = {
			isa = PBXNativeTarget;
			buildConfigurationList = F15E1E212BED52210054A31D /* Build configuration list for PBXNativeTarget "PrashantAdvaitAssignment" */;
			buildPhases = (
				F15E1E092BED521F0054A31D /* Sources */,
				F15E1E0A2BED521F0054A31D /* Frameworks */,
				F15E1E0B2BED521F0054A31D /* Resources */,
			);
			buildRules = (
			);
			dependencies = (
			);
			name = PrashantAdvaitAssignment;
			productName = PrashantAdvaitAssignment;
			productReference = F15E1E0D2BED521F0054A31D /* PrashantAdvaitAssignment.app */;
			productType = "com.apple.product-type.application";
		};
/* End PBXNativeTarget section */

/* Begin PBXProject section */
		F15E1E052BED521F0054A31D /* Project object */ = {
			isa = PBXProject;
			attributes = {
				BuildIndependentTargetsInParallel = 1;
				LastSwiftUpdateCheck = 1420;
				LastUpgradeCheck = 1420;
				TargetAttributes = {
					F15E1E0C2BED521F0054A31D = {
						CreatedOnToolsVersion = 14.2;
					};
				};
			};
			buildConfigurationList = F15E1E082BED521F0054A31D /* Build configuration list for PBXProject "PrashantAdvaitAssignment" */;
			compatibilityVersion = "Xcode 14.0";
			developmentRegion = en;
			hasScannedForEncodings = 0;
			knownRegions = (
				en,
				Base,
			);
			mainGroup = F15E1E042BED521F0054A31D;
			productRefGroup = F15E1E0E2BED521F0054A31D /* Products */;
			projectDirPath = "";
			projectRoot = "";
			targets = (
				F15E1E0C2BED521F0054A31D /* PrashantAdvaitAssignment */,
			);
		};
/* End PBXProject section */

/* Begin PBXResourcesBuildPhase section */
		F15E1E0B2BED521F0054A31D /* Resources */ = {
			isa = PBXResourcesBuildPhase;
			buildActionMask = 2147483647;
			files = (
				F15E1E1D2BED52210054A31D /* LaunchScreen.storyboard in Resources */,
				F15E1E1A2BED52210054A31D /* Assets.xcassets in Resources */,
				F15E1E182BED521F0054A31D /* Main.storyboard in Resources */,
				F15E1E2C2BED59350054A31D /* ImagesCollectionCell.xib in Resources */,
			);
			runOnlyForDeploymentPostprocessing = 0;
		};
/* End PBXResourcesBuildPhase section */

/* Begin PBXSourcesBuildPhase section */
		F15E1E092BED521F0054A31D /* Sources */ = {
			isa = PBXSourcesBuildPhase;
			buildActionMask = 2147483647;
			files = (
				F15E1E262BED526E0054A31D /* CacheManager.swift in Sources */,
				F15E1E152BED521F0054A31D /* ViewController.swift in Sources */,
				F15E1E112BED521F0054A31D /* AppDelegate.swift in Sources */,
				F15E1E2B2BED59350054A31D /* ImagesCollectionCell.swift in Sources */,
				F15E1E312BED60130054A31D /* ImageListModel.swift in Sources */,
				F15E1E2E2BED5D350054A31D /* APIService.swift in Sources */,
				F15E1E132BED521F0054A31D /* SceneDelegate.swift in Sources */,
			);
			runOnlyForDeploymentPostprocessing = 0;
		};
/* End PBXSourcesBuildPhase section */

/* Begin PBXVariantGroup section */
		F15E1E162BED521F0054A31D /* Main.storyboard */ = {
			isa = PBXVariantGroup;
			children = (
				F15E1E172BED521F0054A31D /* Base */,
			);
			name = Main.storyboard;
			sourceTree = "<group>";
		};
		F15E1E1B2BED52210054A31D /* LaunchScreen.storyboard */ = {
			isa = PBXVariantGroup;
			children = (
				F15E1E1C2BED52210054A31D /* Base */,
			);
			name = LaunchScreen.storyboard;
			sourceTree = "<group>";
		};
/* End PBXVariantGroup section */

/* Begin XCBuildConfiguration section */
		F15E1E1F2BED52210054A31D /* Debug */ = {
			isa = XCBuildConfiguration;
			buildSettings = {
				ALWAYS_SEARCH_USER_PATHS = NO;
				CLANG_ANALYZER_NONNULL = YES;
				CLANG_ANALYZER_NUMBER_OBJECT_CONVERSION = YES_AGGRESSIVE;
				CLANG_CXX_LANGUAGE_STANDARD = "gnu++20";
				CLANG_ENABLE_MODULES = YES;
				CLANG_ENABLE_OBJC_ARC = YES;
				CLANG_ENABLE_OBJC_WEAK = YES;
				CLANG_WARN_BLOCK_CAPTURE_AUTORELEASING = YES;
				CLANG_WARN_BOOL_CONVERSION = YES;
				CLANG_WARN_COMMA = YES;
				CLANG_WARN_CONSTANT_CONVERSION = YES;
				CLANG_WARN_DEPRECATED_OBJC_IMPLEMENTATIONS = YES;
				CLANG_WARN_DIRECT_OBJC_ISA_USAGE = YES_ERROR;
				CLANG_WARN_DOCUMENTATION_COMMENTS = YES;
				CLANG_WARN_EMPTY_BODY = YES;
				CLANG_WARN_ENUM_CONVERSION = YES;
				CLANG_WARN_INFINITE_RECURSION = YES;
				CLANG_WARN_INT_CONVERSION = YES;
				CLANG_WARN_NON_LITERAL_NULL_CONVERSION = YES;
				CLANG_WARN_OBJC_IMPLICIT_RETAIN_SELF = YES;
				CLANG_WARN_OBJC_LITERAL_CONVERSION = YES;
				CLANG_WARN_OBJC_ROOT_CLASS = YES_ERROR;
				CLANG_WARN_QUOTED_INCLUDE_IN_FRAMEWORK_HEADER = YES;
				CLANG_WARN_RANGE_LOOP_ANALYSIS = YES;
				CLANG_WARN_STRICT_PROTOTYPES = YES;
				CLANG_WARN_SUSPICIOUS_MOVE = YES;
				CLANG_WARN_UNGUARDED_AVAILABILITY = YES_AGGRESSIVE;
				CLANG_WARN_UNREACHABLE_CODE = YES;
				CLANG_WARN__DUPLICATE_METHOD_MATCH = YES;
				COPY_PHASE_STRIP = NO;
				DEBUG_INFORMATION_FORMAT = dwarf;
				ENABLE_STRICT_OBJC_MSGSEND = YES;
				ENABLE_TESTABILITY = YES;
				GCC_C_LANGUAGE_STANDARD = gnu11;
				GCC_DYNAMIC_NO_PIC = NO;
				GCC_NO_COMMON_BLOCKS = YES;
				GCC_OPTIMIZATION_LEVEL = 0;
				GCC_PREPROCESSOR_DEFINITIONS = (
					"DEBUG=1",
					"$(inherited)",
				);
				GCC_WARN_64_TO_32_BIT_CONVERSION = YES;
				GCC_WARN_ABOUT_RETURN_TYPE = YES_ERROR;
				GCC_WARN_UNDECLARED_SELECTOR = YES;
				GCC_WARN_UNINITIALIZED_AUTOS = YES_AGGRESSIVE;
				GCC_WARN_UNUSED_FUNCTION = YES;
				GCC_WARN_UNUSED_VARIABLE = YES;
				IPHONEOS_DEPLOYMENT_TARGET = 16.2;
				MTL_ENABLE_DEBUG_INFO = INCLUDE_SOURCE;
				MTL_FAST_MATH = YES;
				ONLY_ACTIVE_ARCH = YES;
				SDKROOT = iphoneos;
				SWIFT_ACTIVE_COMPILATION_CONDITIONS = DEBUG;
				SWIFT_OPTIMIZATION_LEVEL = "-Onone";
			};
			name = Debug;
		};
		F15E1E202BED52210054A31D /* Release */ = {
			isa = XCBuildConfiguration;
			buildSettings = {
				ALWAYS_SEARCH_USER_PATHS = NO;
				CLANG_ANALYZER_NONNULL = YES;
				CLANG_ANALYZER_NUMBER_OBJECT_CONVERSION = YES_AGGRESSIVE;
				CLANG_CXX_LANGUAGE_STANDARD = "gnu++20";
				CLANG_ENABLE_MODULES = YES;
				CLANG_ENABLE_OBJC_ARC = YES;
				CLANG_ENABLE_OBJC_WEAK = YES;
				CLANG_WARN_BLOCK_CAPTURE_AUTORELEASING = YES;
				CLANG_WARN_BOOL_CONVERSION = YES;
				CLANG_WARN_COMMA = YES;
				CLANG_WARN_CONSTANT_CONVERSION = YES;
				CLANG_WARN_DEPRECATED_OBJC_IMPLEMENTATIONS = YES;
				CLANG_WARN_DIRECT_OBJC_ISA_USAGE = YES_ERROR;
				CLANG_WARN_DOCUMENTATION_COMMENTS = YES;
				CLANG_WARN_EMPTY_BODY = YES;
				CLANG_WARN_ENUM_CONVERSION = YES;
				CLANG_WARN_INFINITE_RECURSION = YES;
				CLANG_WARN_INT_CONVERSION = YES;
				CLANG_WARN_NON_LITERAL_NULL_CONVERSION = YES;
				CLANG_WARN_OBJC_IMPLICIT_RETAIN_SELF = YES;
				CLANG_WARN_OBJC_LITERAL_CONVERSION = YES;
				CLANG_WARN_OBJC_ROOT_CLASS = YES_ERROR;
				CLANG_WARN_QUOTED_INCLUDE_IN_FRAMEWORK_HEADER = YES;
				CLANG_WARN_RANGE_LOOP_ANALYSIS = YES;
				CLANG_WARN_STRICT_PROTOTYPES = YES;
				CLANG_WARN_SUSPICIOUS_MOVE = YES;
				CLANG_WARN_UNGUARDED_AVAILABILITY = YES_AGGRESSIVE;
				CLANG_WARN_UNREACHABLE_CODE = YES;
				CLANG_WARN__DUPLICATE_METHOD_MATCH = YES;
				COPY_PHASE_STRIP = NO;
				DEBUG_INFORMATION_FORMAT = "dwarf-with-dsym";
				ENABLE_NS_ASSERTIONS = NO;
				ENABLE_STRICT_OBJC_MSGSEND = YES;
				GCC_C_LANGUAGE_STANDARD = gnu11;
				GCC_NO_COMMON_BLOCKS = YES;
				GCC_WARN_64_TO_32_BIT_CONVERSION = YES;
				GCC_WARN_ABOUT_RETURN_TYPE = YES_ERROR;
				GCC_WARN_UNDECLARED_SELECTOR = YES;
				GCC_WARN_UNINITIALIZED_AUTOS = YES_AGGRESSIVE;
				GCC_WARN_UNUSED_FUNCTION = YES;
				GCC_WARN_UNUSED_VARIABLE = YES;
				IPHONEOS_DEPLOYMENT_TARGET = 16.2;
				MTL_ENABLE_DEBUG_INFO = NO;
				MTL_FAST_MATH = YES;
				SDKROOT = iphoneos;
				SWIFT_COMPILATION_MODE = wholemodule;
				SWIFT_OPTIMIZATION_LEVEL = "-O";
				VALIDATE_PRODUCT = YES;
			};
			name = Release;
		};
		F15E1E222BED52210054A31D /* Debug */ = {
			isa = XCBuildConfiguration;
			buildSettings = {
				ASSETCATALOG_COMPILER_APPICON_NAME = AppIcon;
				ASSETCATALOG_COMPILER_GLOBAL_ACCENT_COLOR_NAME = AccentColor;
				CODE_SIGN_STYLE = Manual;
				CURRENT_PROJECT_VERSION = 1;
				DEVELOPMENT_TEAM = "";
				GENERATE_INFOPLIST_FILE = YES;
				INFOPLIST_FILE = PrashantAdvaitAssignment/SupportingFiles/Info.plist;
				INFOPLIST_KEY_UIApplicationSupportsIndirectInputEvents = YES;
				INFOPLIST_KEY_UILaunchStoryboardName = LaunchScreen;
				INFOPLIST_KEY_UIMainStoryboardFile = Main;
				INFOPLIST_KEY_UISupportedInterfaceOrientations = UIInterfaceOrientationPortrait;
				IPHONEOS_DEPLOYMENT_TARGET = 13.0;
				LD_RUNPATH_SEARCH_PATHS = (
					"$(inherited)",
					"@executable_path/Frameworks",
				);
				MARKETING_VERSION = 1.0;
				PRODUCT_BUNDLE_IDENTIFIER = com.prashantAdvaitAssignment;
				PRODUCT_NAME = "$(TARGET_NAME)";
				PROVISIONING_PROFILE_SPECIFIER = "";
				SUPPORTED_PLATFORMS = "iphoneos iphonesimulator";
				SUPPORTS_MACCATALYST = NO;
				SUPPORTS_MAC_DESIGNED_FOR_IPHONE_IPAD = NO;
				SWIFT_EMIT_LOC_STRINGS = YES;
				SWIFT_VERSION = 5.0;
				TARGETED_DEVICE_FAMILY = 1;
			};
			name = Debug;
		};
		F15E1E232BED52210054A31D /* Release */ = {
			isa = XCBuildConfiguration;
			buildSettings = {
				ASSETCATALOG_COMPILER_APPICON_NAME = AppIcon;
				ASSETCATALOG_COMPILER_GLOBAL_ACCENT_COLOR_NAME = AccentColor;
				CODE_SIGN_STYLE = Manual;
				CURRENT_PROJECT_VERSION = 1;
				DEVELOPMENT_TEAM = "";
				GENERATE_INFOPLIST_FILE = YES;
				INFOPLIST_FILE = PrashantAdvaitAssignment/SupportingFiles/Info.plist;
				INFOPLIST_KEY_UIApplicationSupportsIndirectInputEvents = YES;
				INFOPLIST_KEY_UILaunchStoryboardName = LaunchScreen;
				INFOPLIST_KEY_UIMainStoryboardFile = Main;
				INFOPLIST_KEY_UISupportedInterfaceOrientations = UIInterfaceOrientationPortrait;
				IPHONEOS_DEPLOYMENT_TARGET = 13.0;
				LD_RUNPATH_SEARCH_PATHS = (
					"$(inherited)",
					"@executable_path/Frameworks",
				);
				MARKETING_VERSION = 1.0;
				PRODUCT_BUNDLE_IDENTIFIER = com.prashantAdvaitAssignment;
				PRODUCT_NAME = "$(TARGET_NAME)";
				PROVISIONING_PROFILE_SPECIFIER = "";
				SUPPORTED_PLATFORMS = "iphoneos iphonesimulator";
				SUPPORTS_MACCATALYST = NO;
				SUPPORTS_MAC_DESIGNED_FOR_IPHONE_IPAD = NO;
				SWIFT_EMIT_LOC_STRINGS = YES;
				SWIFT_VERSION = 5.0;
				TARGETED_DEVICE_FAMILY = 1;
			};
			name = Release;
		};
/* End XCBuildConfiguration section */

/* Begin XCConfigurationList section */
		F15E1E082BED521F0054A31D /* Build configuration list for PBXProject "PrashantAdvaitAssignment" */ = {
			isa = XCConfigurationList;
			buildConfigurations = (
				F15E1E1F2BED52210054A31D /* Debug */,
				F15E1E202BED52210054A31D /* Release */,
			);
			defaultConfigurationIsVisible = 0;
			defaultConfigurationName = Release;
		};
		F15E1E212BED52210054A31D /* Build configuration list for PBXNativeTarget "PrashantAdvaitAssignment" */ = {
			isa = XCConfigurationList;
			buildConfigurations = (
				F15E1E222BED52210054A31D /* Debug */,
				F15E1E232BED52210054A31D /* Release */,
			);
			defaultConfigurationIsVisible = 0;
			defaultConfigurationName = Release;
		};
/* End XCConfigurationList section */
	};
	rootObject = F15E1E052BED521F0054A31D /* Project object */;
}
